// !$*UTF8*$!
{
	archiveVersion = 1;
	classes = {
	};
	objectVersion = 55;
	objects = {

/* Begin PBXBuildFile section */
		A70B3CC428D23C0500435442 /* ChatTableViewCell.swift in Sources */ = {isa = PBXBuildFile; fileRef = A70B3CC328D23C0500435442 /* ChatTableViewCell.swift */; };
		A70C835028D20296004D9DB6 /* AppDelegate.swift in Sources */ = {isa = PBXBuildFile; fileRef = A70C834F28D20296004D9DB6 /* AppDelegate.swift */; };
		A70C835228D20296004D9DB6 /* SceneDelegate.swift in Sources */ = {isa = PBXBuildFile; fileRef = A70C835128D20296004D9DB6 /* SceneDelegate.swift */; };
		A70C835428D20296004D9DB6 /* ChatViewController.swift in Sources */ = {isa = PBXBuildFile; fileRef = A70C835328D20296004D9DB6 /* ChatViewController.swift */; };
		A70C835928D20298004D9DB6 /* Assets.xcassets in Resources */ = {isa = PBXBuildFile; fileRef = A70C835828D20298004D9DB6 /* Assets.xcassets */; };
		A70C836728D20411004D9DB6 /* ChatPresenter.swift in Sources */ = {isa = PBXBuildFile; fileRef = A70C836628D20411004D9DB6 /* ChatPresenter.swift */; };
		A70C836928D2041C004D9DB6 /* ChatModel.swift in Sources */ = {isa = PBXBuildFile; fileRef = A70C836828D2041C004D9DB6 /* ChatModel.swift */; };
		A70C836C28D20449004D9DB6 /* ChatService.swift in Sources */ = {isa = PBXBuildFile; fileRef = A70C836B28D20449004D9DB6 /* ChatService.swift */; };
		A70C836E28D205DD004D9DB6 /* MessageData.swift in Sources */ = {isa = PBXBuildFile; fileRef = A70C836D28D205DD004D9DB6 /* MessageData.swift */; };
		A744368F28D49BE30064F922 /* MessageViewController.swift in Sources */ = {isa = PBXBuildFile; fileRef = A744368E28D49BE30064F922 /* MessageViewController.swift */; };
		A744369528D7B5A10064F922 /* TableViewExtension.swift in Sources */ = {isa = PBXBuildFile; fileRef = A744369428D7B5A10064F922 /* TableViewExtension.swift */; };
		A7A8B59228D35AD0006A385C /* MessageModel.swift in Sources */ = {isa = PBXBuildFile; fileRef = A7A8B59128D35AD0006A385C /* MessageModel.swift */; };
/* End PBXBuildFile section */

/* Begin PBXFileReference section */
		A70B3CC328D23C0500435442 /* ChatTableViewCell.swift */ = {isa = PBXFileReference; lastKnownFileType = sourcecode.swift; path = ChatTableViewCell.swift; sourceTree = "<group>"; };
		A70C834C28D20296004D9DB6 /* myChat.app */ = {isa = PBXFileReference; explicitFileType = wrapper.application; includeInIndex = 0; path = myChat.app; sourceTree = BUILT_PRODUCTS_DIR; };
		A70C834F28D20296004D9DB6 /* AppDelegate.swift */ = {isa = PBXFileReference; lastKnownFileType = sourcecode.swift; path = AppDelegate.swift; sourceTree = "<group>"; };
		A70C835128D20296004D9DB6 /* SceneDelegate.swift */ = {isa = PBXFileReference; lastKnownFileType = sourcecode.swift; path = SceneDelegate.swift; sourceTree = "<group>"; };
		A70C835328D20296004D9DB6 /* ChatViewController.swift */ = {isa = PBXFileReference; lastKnownFileType = sourcecode.swift; path = ChatViewController.swift; sourceTree = "<group>"; };
		A70C835828D20298004D9DB6 /* Assets.xcassets */ = {isa = PBXFileReference; lastKnownFileType = folder.assetcatalog; path = Assets.xcassets; sourceTree = "<group>"; };
		A70C835D28D20298004D9DB6 /* Info.plist */ = {isa = PBXFileReference; lastKnownFileType = text.plist.xml; path = Info.plist; sourceTree = "<group>"; };
		A70C836628D20411004D9DB6 /* ChatPresenter.swift */ = {isa = PBXFileReference; lastKnownFileType = sourcecode.swift; path = ChatPresenter.swift; sourceTree = "<group>"; };
		A70C836828D2041C004D9DB6 /* ChatModel.swift */ = {isa = PBXFileReference; lastKnownFileType = sourcecode.swift; path = ChatModel.swift; sourceTree = "<group>"; };
		A70C836B28D20449004D9DB6 /* ChatService.swift */ = {isa = PBXFileReference; lastKnownFileType = sourcecode.swift; path = ChatService.swift; sourceTree = "<group>"; };
		A70C836D28D205DD004D9DB6 /* MessageData.swift */ = {isa = PBXFileReference; lastKnownFileType = sourcecode.swift; path = MessageData.swift; sourceTree = "<group>"; };
		A744368E28D49BE30064F922 /* MessageViewController.swift */ = {isa = PBXFileReference; lastKnownFileType = sourcecode.swift; path = MessageViewController.swift; sourceTree = "<group>"; };
		A744369428D7B5A10064F922 /* TableViewExtension.swift */ = {isa = PBXFileReference; lastKnownFileType = sourcecode.swift; path = TableViewExtension.swift; sourceTree = "<group>"; };
		A7A8B59128D35AD0006A385C /* MessageModel.swift */ = {isa = PBXFileReference; lastKnownFileType = sourcecode.swift; path = MessageModel.swift; sourceTree = "<group>"; };
/* End PBXFileReference section */

/* Begin PBXFrameworksBuildPhase section */
		A70C834928D20296004D9DB6 /* Frameworks */ = {
			isa = PBXFrameworksBuildPhase;
			buildActionMask = 2147483647;
			files = (
			);
			runOnlyForDeploymentPostprocessing = 0;
		};
/* End PBXFrameworksBuildPhase section */

/* Begin PBXGroup section */
		A70C834328D20296004D9DB6 = {
			isa = PBXGroup;
			children = (
				A70C834E28D20296004D9DB6 /* myChat */,
				A70C834D28D20296004D9DB6 /* Products */,
			);
			sourceTree = "<group>";
		};
		A70C834D28D20296004D9DB6 /* Products */ = {
			isa = PBXGroup;
			children = (
				A70C834C28D20296004D9DB6 /* myChat.app */,
			);
			name = Products;
			sourceTree = "<group>";
		};
		A70C834E28D20296004D9DB6 /* myChat */ = {
			isa = PBXGroup;
			children = (
				A70C834F28D20296004D9DB6 /* AppDelegate.swift */,
				A70C835128D20296004D9DB6 /* SceneDelegate.swift */,
				A70C836A28D20422004D9DB6 /* NetworkService */,
				A70C836428D203D8004D9DB6 /* Model */,
				A70C836328D203CD004D9DB6 /* View */,
				A70C836528D203DD004D9DB6 /* Presenter */,
				A70C835828D20298004D9DB6 /* Assets.xcassets */,
				A70C835D28D20298004D9DB6 /* Info.plist */,
				A744369428D7B5A10064F922 /* TableViewExtension.swift */,
			);
			path = myChat;
			sourceTree = "<group>";
		};
		A70C836328D203CD004D9DB6 /* View */ = {
			isa = PBXGroup;
			children = (
				A70C835328D20296004D9DB6 /* ChatViewController.swift */,
				A70B3CC328D23C0500435442 /* ChatTableViewCell.swift */,
				A744368E28D49BE30064F922 /* MessageViewController.swift */,
			);
			path = View;
			sourceTree = "<group>";
		};
		A70C836428D203D8004D9DB6 /* Model */ = {
			isa = PBXGroup;
			children = (
				A70C836828D2041C004D9DB6 /* ChatModel.swift */,
				A7A8B59128D35AD0006A385C /* MessageModel.swift */,
			);
			path = Model;
			sourceTree = "<group>";
		};
		A70C836528D203DD004D9DB6 /* Presenter */ = {
			isa = PBXGroup;
			children = (
				A70C836628D20411004D9DB6 /* ChatPresenter.swift */,
			);
			path = Presenter;
			sourceTree = "<group>";
		};
		A70C836A28D20422004D9DB6 /* NetworkService */ = {
			isa = PBXGroup;
			children = (
				A70C836B28D20449004D9DB6 /* ChatService.swift */,
				A70C836D28D205DD004D9DB6 /* MessageData.swift */,
			);
			path = NetworkService;
			sourceTree = "<group>";
		};
/* End PBXGroup section */

/* Begin PBXNativeTarget section */
		A70C834B28D20296004D9DB6 /* myChat */ = {
			isa = PBXNativeTarget;
			buildConfigurationList = A70C836028D20298004D9DB6 /* Build configuration list for PBXNativeTarget "myChat" */;
			buildPhases = (
				A70C834828D20296004D9DB6 /* Sources */,
				A70C834928D20296004D9DB6 /* Frameworks */,
				A70C834A28D20296004D9DB6 /* Resources */,
			);
			buildRules = (
			);
			dependencies = (
			);
			name = myChat;
			productName = myChat;
			productReference = A70C834C28D20296004D9DB6 /* myChat.app */;
			productType = "com.apple.product-type.application";
		};
/* End PBXNativeTarget section */

/* Begin PBXProject section */
		A70C834428D20296004D9DB6 /* Project object */ = {
			isa = PBXProject;
			attributes = {
				BuildIndependentTargetsInParallel = 1;
				LastSwiftUpdateCheck = 1340;
				LastUpgradeCheck = 1340;
				TargetAttributes = {
					A70C834B28D20296004D9DB6 = {
						CreatedOnToolsVersion = 13.4.1;
					};
				};
			};
			buildConfigurationList = A70C834728D20296004D9DB6 /* Build configuration list for PBXProject "myChat" */;
			compatibilityVersion = "Xcode 13.0";
			developmentRegion = en;
			hasScannedForEncodings = 0;
			knownRegions = (
				en,
				Base,
			);
			mainGroup = A70C834328D20296004D9DB6;
			productRefGroup = A70C834D28D20296004D9DB6 /* Products */;
			projectDirPath = "";
			projectRoot = "";
			targets = (
				A70C834B28D20296004D9DB6 /* myChat */,
			);
		};
/* End PBXProject section */

/* Begin PBXResourcesBuildPhase section */
		A70C834A28D20296004D9DB6 /* Resources */ = {
			isa = PBXResourcesBuildPhase;
			buildActionMask = 2147483647;
			files = (
				A70C835928D20298004D9DB6 /* Assets.xcassets in Resources */,
			);
			runOnlyForDeploymentPostprocessing = 0;
		};
/* End PBXResourcesBuildPhase section */

/* Begin PBXSourcesBuildPhase section */
		A70C834828D20296004D9DB6 /* Sources */ = {
			isa = PBXSourcesBuildPhase;
			buildActionMask = 2147483647;
			files = (
				A70C836928D2041C004D9DB6 /* ChatModel.swift in Sources */,
				A70C835428D20296004D9DB6 /* ChatViewController.swift in Sources */,
				A70C836E28D205DD004D9DB6 /* MessageData.swift in Sources */,
				A70C835028D20296004D9DB6 /* AppDelegate.swift in Sources */,
				A744368F28D49BE30064F922 /* MessageViewController.swift in Sources */,
				A744369528D7B5A10064F922 /* TableViewExtension.swift in Sources */,
				A70C836728D20411004D9DB6 /* ChatPresenter.swift in Sources */,
				A70B3CC428D23C0500435442 /* ChatTableViewCell.swift in Sources */,
				A70C835228D20296004D9DB6 /* SceneDelegate.swift in Sources */,
				A7A8B59228D35AD0006A385C /* MessageModel.swift in Sources */,
				A70C836C28D20449004D9DB6 /* ChatService.swift in Sources */,
			);
			runOnlyForDeploymentPostprocessing = 0;
		};
/* End PBXSourcesBuildPhase section */

/* Begin XCBuildConfiguration section */
		A70C835E28D20298004D9DB6 /* Debug */ = {
			isa = XCBuildConfiguration;
			buildSettings = {
				ALWAYS_SEARCH_USER_PATHS = NO;
				CLANG_ANALYZER_NONNULL = YES;
				CLANG_ANALYZER_NUMBER_OBJECT_CONVERSION = YES_AGGRESSIVE;
				CLANG_CXX_LANGUAGE_STANDARD = "gnu++17";
				CLANG_ENABLE_MODULES = YES;
				CLANG_ENABLE_OBJC_ARC = YES;
				CLANG_ENABLE_OBJC_WEAK = YES;
				CLANG_WARN_BLOCK_CAPTURE_AUTORELEASING = YES;
				CLANG_WARN_BOOL_CONVERSION = YES;
				CLANG_WARN_COMMA = YES;
				CLANG_WARN_CONSTANT_CONVERSION = YES;
				CLANG_WARN_DEPRECATED_OBJC_IMPLEMENTATIONS = YES;
				CLANG_WARN_DIRECT_OBJC_ISA_USAGE = YES_ERROR;
				CLANG_WARN_DOCUMENTATION_COMMENTS = YES;
				CLANG_WARN_EMPTY_BODY = YES;
				CLANG_WARN_ENUM_CONVERSION = YES;
				CLANG_WARN_INFINITE_RECURSION = YES;
				CLANG_WARN_INT_CONVERSION = YES;
				CLANG_WARN_NON_LITERAL_NULL_CONVERSION = YES;
				CLANG_WARN_OBJC_IMPLICIT_RETAIN_SELF = YES;
				CLANG_WARN_OBJC_LITERAL_CONVERSION = YES;
				CLANG_WARN_OBJC_ROOT_CLASS = YES_ERROR;
				CLANG_WARN_QUOTED_INCLUDE_IN_FRAMEWORK_HEADER = YES;
				CLANG_WARN_RANGE_LOOP_ANALYSIS = YES;
				CLANG_WARN_STRICT_PROTOTYPES = YES;
				CLANG_WARN_SUSPICIOUS_MOVE = YES;
				CLANG_WARN_UNGUARDED_AVAILABILITY = YES_AGGRESSIVE;
				CLANG_WARN_UNREACHABLE_CODE = YES;
				CLANG_WARN__DUPLICATE_METHOD_MATCH = YES;
				COPY_PHASE_STRIP = NO;
				DEBUG_INFORMATION_FORMAT = dwarf;
				ENABLE_STRICT_OBJC_MSGSEND = YES;
				ENABLE_TESTABILITY = YES;
				GCC_C_LANGUAGE_STANDARD = gnu11;
				GCC_DYNAMIC_NO_PIC = NO;
				GCC_NO_COMMON_BLOCKS = YES;
				GCC_OPTIMIZATION_LEVEL = 0;
				GCC_PREPROCESSOR_DEFINITIONS = (
					"DEBUG=1",
					"$(inherited)",
				);
				GCC_WARN_64_TO_32_BIT_CONVERSION = YES;
				GCC_WARN_ABOUT_RETURN_TYPE = YES_ERROR;
				GCC_WARN_UNDECLARED_SELECTOR = YES;
				GCC_WARN_UNINITIALIZED_AUTOS = YES_AGGRESSIVE;
				GCC_WARN_UNUSED_FUNCTION = YES;
				GCC_WARN_UNUSED_VARIABLE = YES;
				IPHONEOS_DEPLOYMENT_TARGET = 15.5;
				MTL_ENABLE_DEBUG_INFO = INCLUDE_SOURCE;
				MTL_FAST_MATH = YES;
				ONLY_ACTIVE_ARCH = YES;
				SDKROOT = iphoneos;
				SWIFT_ACTIVE_COMPILATION_CONDITIONS = DEBUG;
				SWIFT_OPTIMIZATION_LEVEL = "-Onone";
			};
			name = Debug;
		};
		A70C835F28D20298004D9DB6 /* Release */ = {
			isa = XCBuildConfiguration;
			buildSettings = {
				ALWAYS_SEARCH_USER_PATHS = NO;
				CLANG_ANALYZER_NONNULL = YES;
				CLANG_ANALYZER_NUMBER_OBJECT_CONVERSION = YES_AGGRESSIVE;
				CLANG_CXX_LANGUAGE_STANDARD = "gnu++17";
				CLANG_ENABLE_MODULES = YES;
				CLANG_ENABLE_OBJC_ARC = YES;
				CLANG_ENABLE_OBJC_WEAK = YES;
				CLANG_WARN_BLOCK_CAPTURE_AUTORELEASING = YES;
				CLANG_WARN_BOOL_CONVERSION = YES;
				CLANG_WARN_COMMA = YES;
				CLANG_WARN_CONSTANT_CONVERSION = YES;
				CLANG_WARN_DEPRECATED_OBJC_IMPLEMENTATIONS = YES;
				CLANG_WARN_DIRECT_OBJC_ISA_USAGE = YES_ERROR;
				CLANG_WARN_DOCUMENTATION_COMMENTS = YES;
				CLANG_WARN_EMPTY_BODY = YES;
				CLANG_WARN_ENUM_CONVERSION = YES;
				CLANG_WARN_INFINITE_RECURSION = YES;
				CLANG_WARN_INT_CONVERSION = YES;
				CLANG_WARN_NON_LITERAL_NULL_CONVERSION = YES;
				CLANG_WARN_OBJC_IMPLICIT_RETAIN_SELF = YES;
				CLANG_WARN_OBJC_LITERAL_CONVERSION = YES;
				CLANG_WARN_OBJC_ROOT_CLASS = YES_ERROR;
				CLANG_WARN_QUOTED_INCLUDE_IN_FRAMEWORK_HEADER = YES;
				CLANG_WARN_RANGE_LOOP_ANALYSIS = YES;
				CLANG_WARN_STRICT_PROTOTYPES = YES;
				CLANG_WARN_SUSPICIOUS_MOVE = YES;
				CLANG_WARN_UNGUARDED_AVAILABILITY = YES_AGGRESSIVE;
				CLANG_WARN_UNREACHABLE_CODE = YES;
				CLANG_WARN__DUPLICATE_METHOD_MATCH = YES;
				COPY_PHASE_STRIP = NO;
				DEBUG_INFORMATION_FORMAT = "dwarf-with-dsym";
				ENABLE_NS_ASSERTIONS = NO;
				ENABLE_STRICT_OBJC_MSGSEND = YES;
				GCC_C_LANGUAGE_STANDARD = gnu11;
				GCC_NO_COMMON_BLOCKS = YES;
				GCC_WARN_64_TO_32_BIT_CONVERSION = YES;
				GCC_WARN_ABOUT_RETURN_TYPE = YES_ERROR;
				GCC_WARN_UNDECLARED_SELECTOR = YES;
				GCC_WARN_UNINITIALIZED_AUTOS = YES_AGGRESSIVE;
				GCC_WARN_UNUSED_FUNCTION = YES;
				GCC_WARN_UNUSED_VARIABLE = YES;
				IPHONEOS_DEPLOYMENT_TARGET = 15.5;
				MTL_ENABLE_DEBUG_INFO = NO;
				MTL_FAST_MATH = YES;
				SDKROOT = iphoneos;
				SWIFT_COMPILATION_MODE = wholemodule;
				SWIFT_OPTIMIZATION_LEVEL = "-O";
				VALIDATE_PRODUCT = YES;
			};
			name = Release;
		};
		A70C836128D20298004D9DB6 /* Debug */ = {
			isa = XCBuildConfiguration;
			buildSettings = {
				ASSETCATALOG_COMPILER_APPICON_NAME = AppIcon;
				ASSETCATALOG_COMPILER_GLOBAL_ACCENT_COLOR_NAME = AccentColor;
				CODE_SIGN_STYLE = Automatic;
				CURRENT_PROJECT_VERSION = 1;
				DEVELOPMENT_TEAM = NULFF73AXP;
				GENERATE_INFOPLIST_FILE = YES;
				INFOPLIST_FILE = myChat/Info.plist;
				INFOPLIST_KEY_UIApplicationSupportsIndirectInputEvents = YES;
				INFOPLIST_KEY_UILaunchStoryboardName = LaunchScreen;
				INFOPLIST_KEY_UISupportedInterfaceOrientations_iPad = "UIInterfaceOrientationPortrait UIInterfaceOrientationPortraitUpsideDown UIInterfaceOrientationLandscapeLeft UIInterfaceOrientationLandscapeRight";
				INFOPLIST_KEY_UISupportedInterfaceOrientations_iPhone = "UIInterfaceOrientationPortrait UIInterfaceOrientationLandscapeLeft UIInterfaceOrientationLandscapeRight";
				LD_RUNPATH_SEARCH_PATHS = (
					"$(inherited)",
					"@executable_path/Frameworks",
				);
				MARKETING_VERSION = 1.0;
				PRODUCT_BUNDLE_IDENTIFIER = NikitaMakarevich.myChat;
				PRODUCT_NAME = "$(TARGET_NAME)";
				SWIFT_EMIT_LOC_STRINGS = YES;
				SWIFT_VERSION = 5.0;
				TARGETED_DEVICE_FAMILY = "1,2";
			};
			name = Debug;
		};
		A70C836228D20298004D9DB6 /* Release */ = {
			isa = XCBuildConfiguration;
			buildSettings = {
				ASSETCATALOG_COMPILER_APPICON_NAME = AppIcon;
				ASSETCATALOG_COMPILER_GLOBAL_ACCENT_COLOR_NAME = AccentColor;
				CODE_SIGN_STYLE = Automatic;
				CURRENT_PROJECT_VERSION = 1;
				DEVELOPMENT_TEAM = NULFF73AXP;
				GENERATE_INFOPLIST_FILE = YES;
				INFOPLIST_FILE = myChat/Info.plist;
				INFOPLIST_KEY_UIApplicationSupportsIndirectInputEvents = YES;
				INFOPLIST_KEY_UILaunchStoryboardName = LaunchScreen;
				INFOPLIST_KEY_UISupportedInterfaceOrientations_iPad = "UIInterfaceOrientationPortrait UIInterfaceOrientationPortraitUpsideDown UIInterfaceOrientationLandscapeLeft UIInterfaceOrientationLandscapeRight";
				INFOPLIST_KEY_UISupportedInterfaceOrientations_iPhone = "UIInterfaceOrientationPortrait UIInterfaceOrientationLandscapeLeft UIInterfaceOrientationLandscapeRight";
				LD_RUNPATH_SEARCH_PATHS = (
					"$(inherited)",
					"@executable_path/Frameworks",
				);
				MARKETING_VERSION = 1.0;
				PRODUCT_BUNDLE_IDENTIFIER = NikitaMakarevich.myChat;
				PRODUCT_NAME = "$(TARGET_NAME)";
				SWIFT_EMIT_LOC_STRINGS = YES;
				SWIFT_VERSION = 5.0;
				TARGETED_DEVICE_FAMILY = "1,2";
			};
			name = Release;
		};
/* End XCBuildConfiguration section */

/* Begin XCConfigurationList section */
		A70C834728D20296004D9DB6 /* Build configuration list for PBXProject "myChat" */ = {
			isa = XCConfigurationList;
			buildConfigurations = (
				A70C835E28D20298004D9DB6 /* Debug */,
				A70C835F28D20298004D9DB6 /* Release */,
			);
			defaultConfigurationIsVisible = 0;
			defaultConfigurationName = Release;
		};
		A70C836028D20298004D9DB6 /* Build configuration list for PBXNativeTarget "myChat" */ = {
			isa = XCConfigurationList;
			buildConfigurations = (
				A70C836128D20298004D9DB6 /* Debug */,
				A70C836228D20298004D9DB6 /* Release */,
			);
			defaultConfigurationIsVisible = 0;
			defaultConfigurationName = Release;
		};
/* End XCConfigurationList section */
	};
	rootObject = A70C834428D20296004D9DB6 /* Project object */;
}
